
Microsoft Visual Studio Solution File, Format Version 12.00
# Visual Studio 15
VisualStudioVersion = 15.0.28010.2026
MinimumVisualStudioVersion = 10.0.40219.1
Project("{FAE04EC0-301F-11D3-BF4B-00C04F79EFBC}") = "MyAwesomeGame.Shared", "MyAwesomeGame.Shared\MyAwesomeGame.Shared.csproj", "{AED8F38E-9DF7-4E29-8D85-805C470A2283}"
EndProject
Project("{FAE04EC0-301F-11D3-BF4B-00C04F79EFBC}") = "MyAwesomeGame.OpenGL", "MyAwesomeGame.OpenGL\MyAwesomeGame.OpenGL.csproj", "{0C979B24-BF1D-48CC-AC8F-B1AAA86A8E26}"
EndProject
Project("{FAE04EC0-301F-11D3-BF4B-00C04F79EFBC}") = "MyAwesomeGame.Android", "MyAwesomeGame.Android\MyAwesomeGame.Android.csproj", "{2EEFC7F1-198D-47FE-A8DE-C92053E613E3}"
EndProject
Project("{FAE04EC0-301F-11D3-BF4B-00C04F79EFBC}") = "MyAwesomeGame.Content", "MyAwesomeGame.Content\MyAwesomeGame.Content.csproj", "{9234B432-2F67-4BC1-BAE8-7283DD1FB0EE}"
EndProject
Global
	GlobalSection(SolutionConfigurationPlatforms) = preSolution
		Debug|Any CPU = Debug|Any CPU
		Debug|x86 = Debug|x86
		Release|Any CPU = Release|Any CPU
		Release|x86 = Release|x86
	EndGlobalSection
	GlobalSection(ProjectConfigurationPlatforms) = postSolution
		{AED8F38E-9DF7-4E29-8D85-805C470A2283}.Debug|Any CPU.ActiveCfg = Debug|Any CPU
		{AED8F38E-9DF7-4E29-8D85-805C470A2283}.Debug|Any CPU.Build.0 = Debug|Any CPU
		{AED8F38E-9DF7-4E29-8D85-805C470A2283}.Debug|x86.ActiveCfg = Debug|Any CPU
		{AED8F38E-9DF7-4E29-8D85-805C470A2283}.Debug|x86.Build.0 = Debug|Any CPU
		{AED8F38E-9DF7-4E29-8D85-805C470A2283}.Release|Any CPU.ActiveCfg = Release|Any CPU
		{AED8F38E-9DF7-4E29-8D85-805C470A2283}.Release|Any CPU.Build.0 = Release|Any CPU
		{AED8F38E-9DF7-4E29-8D85-805C470A2283}.Release|x86.ActiveCfg = Release|Any CPU
		{AED8F38E-9DF7-4E29-8D85-805C470A2283}.Release|x86.Build.0 = Release|Any CPU
		{0C979B24-BF1D-48CC-AC8F-B1AAA86A8E26}.Debug|Any CPU.ActiveCfg = Debug|Any CPU
		{0C979B24-BF1D-48CC-AC8F-B1AAA86A8E26}.Debug|Any CPU.Build.0 = Debug|Any CPU
		{0C979B24-BF1D-48CC-AC8F-B1AAA86A8E26}.Debug|x86.ActiveCfg = Debug|Any CPU
		{0C979B24-BF1D-48CC-AC8F-B1AAA86A8E26}.Debug|x86.Build.0 = Debug|Any CPU
		{0C979B24-BF1D-48CC-AC8F-B1AAA86A8E26}.Release|Any CPU.ActiveCfg = Release|Any CPU
		{0C979B24-BF1D-48CC-AC8F-B1AAA86A8E26}.Release|Any CPU.Build.0 = Release|Any CPU
		{0C979B24-BF1D-48CC-AC8F-B1AAA86A8E26}.Release|x86.ActiveCfg = Release|Any CPU
		{0C979B24-BF1D-48CC-AC8F-B1AAA86A8E26}.Release|x86.Build.0 = Release|Any CPU
		{2EEFC7F1-198D-47FE-A8DE-C92053E613E3}.Debug|Any CPU.ActiveCfg = Debug|Any CPU
		{2EEFC7F1-198D-47FE-A8DE-C92053E613E3}.Debug|Any CPU.Build.0 = Debug|Any CPU
		{2EEFC7F1-198D-47FE-A8DE-C92053E613E3}.Debug|Any CPU.Deploy.0 = Debug|Any CPU
		{2EEFC7F1-198D-47FE-A8DE-C92053E613E3}.Debug|x86.ActiveCfg = Debug|Any CPU
		{2EEFC7F1-198D-47FE-A8DE-C92053E613E3}.Debug|x86.Build.0 = Debug|Any CPU
		{2EEFC7F1-198D-47FE-A8DE-C92053E613E3}.Debug|x86.Deploy.0 = Debug|Any CPU
		{2EEFC7F1-198D-47FE-A8DE-C92053E613E3}.Release|Any CPU.ActiveCfg = Release|Any CPU
		{2EEFC7F1-198D-47FE-A8DE-C92053E613E3}.Release|Any CPU.Build.0 = Release|Any CPU
		{2EEFC7F1-198D-47FE-A8DE-C92053E613E3}.Release|Any CPU.Deploy.0 = Release|Any CPU
		{2EEFC7F1-198D-47FE-A8DE-C92053E613E3}.Release|x86.ActiveCfg = Release|Any CPU
		{2EEFC7F1-198D-47FE-A8DE-C92053E613E3}.Release|x86.Build.0 = Release|Any CPU
		{2EEFC7F1-198D-47FE-A8DE-C92053E613E3}.Release|x86.Deploy.0 = Release|Any CPU
		{9234B432-2F67-4BC1-BAE8-7283DD1FB0EE}.Debug|Any CPU.ActiveCfg = Debug|x86
		{9234B432-2F67-4BC1-BAE8-7283DD1FB0EE}.Debug|x86.ActiveCfg = Debug|x86
		{9234B432-2F67-4BC1-BAE8-7283DD1FB0EE}.Debug|x86.Build.0 = Debug|x86
		{9234B432-2F67-4BC1-BAE8-7283DD1FB0EE}.Release|Any CPU.ActiveCfg = Release|x86
		{9234B432-2F67-4BC1-BAE8-7283DD1FB0EE}.Release|x86.ActiveCfg = Release|x86
		{9234B432-2F67-4BC1-BAE8-7283DD1FB0EE}.Release|x86.Build.0 = Release|x86
	EndGlobalSection
	GlobalSection(SolutionProperties) = preSolution
		HideSolutionNode = FALSE
	EndGlobalSection
	GlobalSection(ExtensibilityGlobals) = postSolution
		SolutionGuid = {24B4ED16-54A2-4634-A900-4BE6E16F8640}
	EndGlobalSection
EndGlobal
